
Microsoft Visual Studio Solution File, Format Version 12.00
# Visual Studio Version 17
VisualStudioVersion = 17.2.32602.215
MinimumVisualStudioVersion = 10.0.40219.1
Project("{FAE04EC0-301F-11D3-BF4B-00C04F79EFBC}") = "WebScraper", "WebScraper.csproj", "{D4423A36-3B60-47C5-B05F-D246243F18CE}"
EndProject
Global
	GlobalSection(SolutionConfigurationPlatforms) = preSolution
		Debug|Any CPU = Debug|Any CPU
		Release|Any CPU = Release|Any CPU
	EndGlobalSection
	GlobalSection(ProjectConfigurationPlatforms) = postSolution
		{D4423A36-3B60-47C5-B05F-D246243F18CE}.Debug|Any CPU.ActiveCfg = Debug|Any CPU
		{D4423A36-3B60-47C5-B05F-D246243F18CE}.Debug|Any CPU.Build.0 = Debug|Any CPU
		{D4423A36-3B60-47C5-B05F-D246243F18CE}.Release|Any CPU.ActiveCfg = Release|Any CPU
		{D4423A36-3B60-47C5-B05F-D246243F18CE}.Release|Any CPU.Build.0 = Release|Any CPU
	EndGlobalSection
	GlobalSection(SolutionProperties) = preSolution
		HideSolutionNode = FALSE
	EndGlobalSection
	GlobalSection(ExtensibilityGlobals) = postSolution
		SolutionGuid = {0D4677F6-2B60-42C5-BB32-1196EED09A1A}
	EndGlobalSection
EndGlobal
